
Microsoft Visual Studio Solution File, Format Version 12.00
# Visual Studio Version 17
VisualStudioVersion = 17.9.34714.143
MinimumVisualStudioVersion = 10.0.40219.1
Project("{2150E333-8FDC-42A3-9474-1A3956D46DE8}") = "Services", "Services", "{22CC769E-9365-4F63-91A6-E1629D9E77B8}"
EndProject
Project("{2150E333-8FDC-42A3-9474-1A3956D46DE8}") = "Catalog", "Catalog", "{30F99684-8060-4CCF-872B-5EE6D17DCD34}"
EndProject
Project("{FAE04EC0-301F-11D3-BF4B-00C04F79EFBC}") = "MultiShop.Catalog", "Services\Catalog\MultiShop.Catalog\MultiShop.Catalog.csproj", "{986C3D84-566E-43FE-9F0E-CA9332CA1566}"
EndProject
Global
	GlobalSection(SolutionConfigurationPlatforms) = preSolution
		Debug|Any CPU = Debug|Any CPU
		Release|Any CPU = Release|Any CPU
	EndGlobalSection
	GlobalSection(ProjectConfigurationPlatforms) = postSolution
		{986C3D84-566E-43FE-9F0E-CA9332CA1566}.Debug|Any CPU.ActiveCfg = Debug|Any CPU
		{986C3D84-566E-43FE-9F0E-CA9332CA1566}.Debug|Any CPU.Build.0 = Debug|Any CPU
		{986C3D84-566E-43FE-9F0E-CA9332CA1566}.Release|Any CPU.ActiveCfg = Release|Any CPU
		{986C3D84-566E-43FE-9F0E-CA9332CA1566}.Release|Any CPU.Build.0 = Release|Any CPU
	EndGlobalSection
	GlobalSection(SolutionProperties) = preSolution
		HideSolutionNode = FALSE
	EndGlobalSection
	GlobalSection(NestedProjects) = preSolution
		{30F99684-8060-4CCF-872B-5EE6D17DCD34} = {22CC769E-9365-4F63-91A6-E1629D9E77B8}
		{986C3D84-566E-43FE-9F0E-CA9332CA1566} = {30F99684-8060-4CCF-872B-5EE6D17DCD34}
	EndGlobalSection
	GlobalSection(ExtensibilityGlobals) = postSolution
		SolutionGuid = {7F048FCC-F194-4784-BCED-9850502A4AB8}
	EndGlobalSection
EndGlobal
