
Microsoft Visual Studio Solution File, Format Version 12.00
# Visual Studio Version 17
VisualStudioVersion = 17.9.34714.143
MinimumVisualStudioVersion = 10.0.40219.1
Project("{2150E333-8FDC-42A3-9474-1A3956D46DE8}") = "Services", "Services", "{22CC769E-9365-4F63-91A6-E1629D9E77B8}"
EndProject
Project("{2150E333-8FDC-42A3-9474-1A3956D46DE8}") = "Catalog", "Catalog", "{30F99684-8060-4CCF-872B-5EE6D17DCD34}"
EndProject
Project("{9A19103F-16F7-4668-BE54-9A1E7A4F7556}") = "MultiShop.Catalog", "Services\Catalog\MultiShop.Catalog\MultiShop.Catalog.csproj", "{986C3D84-566E-43FE-9F0E-CA9332CA1566}"
EndProject
Project("{2150E333-8FDC-42A3-9474-1A3956D46DE8}") = "Discount", "Discount", "{E9A441B1-4DD2-49EB-826F-66B846FA92C9}"
EndProject
Project("{9A19103F-16F7-4668-BE54-9A1E7A4F7556}") = "MultiShop.Discount", "Services\Discount\MultiShop.Discount\MultiShop.Discount.csproj", "{F067F7E5-C8C2-4BA9-AF64-9C2AB495B661}"
EndProject
Project("{2150E333-8FDC-42A3-9474-1A3956D46DE8}") = "Order", "Order", "{AB4D1FB4-0AEB-49EC-AF5E-6BA3BBD37EA5}"
EndProject
Project("{9A19103F-16F7-4668-BE54-9A1E7A4F7556}") = "MultiShop.Order.Application", "Services\Order\MultiShop.Order.Application\MultiShop.Order.Application.csproj", "{462C83E2-9420-4949-AA1A-50ECF7991681}"
EndProject
Project("{9A19103F-16F7-4668-BE54-9A1E7A4F7556}") = "MultiShop.Order.Infrastructure", "Services\Order\MultiShop.Order.Infrastructure\MultiShop.Order.Infrastructure.csproj", "{53C99B96-952B-4B52-BC88-49B2EB5AA968}"
EndProject
Project("{9A19103F-16F7-4668-BE54-9A1E7A4F7556}") = "MultiShop.Order.API", "Services\Order\MultiShop.Order.API\MultiShop.Order.API.csproj", "{49F90994-D294-4029-A74D-4D902B3F3B77}"
EndProject
Project("{9A19103F-16F7-4668-BE54-9A1E7A4F7556}") = "MultiShop.Order.Domain", "Services\Order\MultiShop.Order.Domain\MultiShop.Order.Domain.csproj", "{DED4B128-D6F7-42EA-A9A8-CDF32A987501}"
EndProject
Project("{2150E333-8FDC-42A3-9474-1A3956D46DE8}") = "IdentityServer", "IdentityServer", "{8EBC348D-BF04-4A07-9A58-9038A3FCCAE0}"
EndProject
Project("{9A19103F-16F7-4668-BE54-9A1E7A4F7556}") = "MultiShop.IdentityServer", "IdentityServer\MultiShop.IdentityServer\MultiShop.IdentityServer.csproj", "{43DC71D0-D93C-4EB6-BC48-7873A4C7DDE7}"
EndProject
Project("{2150E333-8FDC-42A3-9474-1A3956D46DE8}") = "Cargo", "Cargo", "{D3FEE05D-73E7-46A9-B0DF-C827B8D60ADE}"
EndProject
Project("{9A19103F-16F7-4668-BE54-9A1E7A4F7556}") = "MultiShop.Cargo.BusinessLayer", "Cargo\MultiShop.Cargo.BusinessLayer\MultiShop.Cargo.BusinessLayer.csproj", "{8A5D3FF7-E83B-4311-A10A-D62885B9CFB9}"
EndProject
Project("{9A19103F-16F7-4668-BE54-9A1E7A4F7556}") = "MultiShop.Cargo.DataAccessLayer", "Cargo\MultiShop.Cargo.DataAccessLayer\MultiShop.Cargo.DataAccessLayer.csproj", "{23E5BFA2-D10A-4670-A1AF-D818C890DA80}"
EndProject
Project("{9A19103F-16F7-4668-BE54-9A1E7A4F7556}") = "MultiShop.Cargo.DtoLayer", "Cargo\MultiShop.Cargo.DtoLayer\MultiShop.Cargo.DtoLayer.csproj", "{FB2FF30A-6B7D-4F15-802F-00098CDBCED2}"
EndProject
Project("{9A19103F-16F7-4668-BE54-9A1E7A4F7556}") = "MultiShop.Cargo.EntityLayer", "Cargo\MultiShop.Cargo.EntityLayer\MultiShop.Cargo.EntityLayer.csproj", "{E46E5D5A-84B5-4FC9-8B9B-C6F21E67873B}"
EndProject
Project("{9A19103F-16F7-4668-BE54-9A1E7A4F7556}") = "MultiShop.Cargo.WebApi", "Cargo\MultiShop.Cargo.WebApi\MultiShop.Cargo.WebApi.csproj", "{44386A30-91C2-4C33-8838-39EC3585329C}"
EndProject
Project("{2150E333-8FDC-42A3-9474-1A3956D46DE8}") = "Basket", "Basket", "{DE676B93-1E01-4605-989B-15E1EE755052}"
EndProject
Project("{FAE04EC0-301F-11D3-BF4B-00C04F79EFBC}") = "MultiShop.Basket", "Services\Basket\MultiShop.Basket\MultiShop.Basket.csproj", "{4D96E2B0-F6C1-4293-B169-9F2A111026C7}"
EndProject
Project("{2150E333-8FDC-42A3-9474-1A3956D46DE8}") = "Frontends", "Frontends", "{1115A779-13BC-48FF-B551-78252387C975}"
EndProject
Project("{FAE04EC0-301F-11D3-BF4B-00C04F79EFBC}") = "MultiShop.WebUI", "Frontends\MultiShop.WebUI\MultiShop.WebUI.csproj", "{1E8A5B31-B094-4F96-B4B8-8648BC71E1FF}"
EndProject
Global
	GlobalSection(SolutionConfigurationPlatforms) = preSolution
		Debug|Any CPU = Debug|Any CPU
		Release|Any CPU = Release|Any CPU
	EndGlobalSection
	GlobalSection(ProjectConfigurationPlatforms) = postSolution
		{986C3D84-566E-43FE-9F0E-CA9332CA1566}.Debug|Any CPU.ActiveCfg = Debug|Any CPU
		{986C3D84-566E-43FE-9F0E-CA9332CA1566}.Debug|Any CPU.Build.0 = Debug|Any CPU
		{986C3D84-566E-43FE-9F0E-CA9332CA1566}.Release|Any CPU.ActiveCfg = Release|Any CPU
		{986C3D84-566E-43FE-9F0E-CA9332CA1566}.Release|Any CPU.Build.0 = Release|Any CPU
		{F067F7E5-C8C2-4BA9-AF64-9C2AB495B661}.Debug|Any CPU.ActiveCfg = Debug|Any CPU
		{F067F7E5-C8C2-4BA9-AF64-9C2AB495B661}.Debug|Any CPU.Build.0 = Debug|Any CPU
		{F067F7E5-C8C2-4BA9-AF64-9C2AB495B661}.Release|Any CPU.ActiveCfg = Release|Any CPU
		{F067F7E5-C8C2-4BA9-AF64-9C2AB495B661}.Release|Any CPU.Build.0 = Release|Any CPU
		{462C83E2-9420-4949-AA1A-50ECF7991681}.Debug|Any CPU.ActiveCfg = Debug|Any CPU
		{462C83E2-9420-4949-AA1A-50ECF7991681}.Debug|Any CPU.Build.0 = Debug|Any CPU
		{462C83E2-9420-4949-AA1A-50ECF7991681}.Release|Any CPU.ActiveCfg = Release|Any CPU
		{462C83E2-9420-4949-AA1A-50ECF7991681}.Release|Any CPU.Build.0 = Release|Any CPU
		{53C99B96-952B-4B52-BC88-49B2EB5AA968}.Debug|Any CPU.ActiveCfg = Debug|Any CPU
		{53C99B96-952B-4B52-BC88-49B2EB5AA968}.Debug|Any CPU.Build.0 = Debug|Any CPU
		{53C99B96-952B-4B52-BC88-49B2EB5AA968}.Release|Any CPU.ActiveCfg = Release|Any CPU
		{53C99B96-952B-4B52-BC88-49B2EB5AA968}.Release|Any CPU.Build.0 = Release|Any CPU
		{49F90994-D294-4029-A74D-4D902B3F3B77}.Debug|Any CPU.ActiveCfg = Debug|Any CPU
		{49F90994-D294-4029-A74D-4D902B3F3B77}.Debug|Any CPU.Build.0 = Debug|Any CPU
		{49F90994-D294-4029-A74D-4D902B3F3B77}.Release|Any CPU.ActiveCfg = Release|Any CPU
		{49F90994-D294-4029-A74D-4D902B3F3B77}.Release|Any CPU.Build.0 = Release|Any CPU
		{DED4B128-D6F7-42EA-A9A8-CDF32A987501}.Debug|Any CPU.ActiveCfg = Debug|Any CPU
		{DED4B128-D6F7-42EA-A9A8-CDF32A987501}.Debug|Any CPU.Build.0 = Debug|Any CPU
		{DED4B128-D6F7-42EA-A9A8-CDF32A987501}.Release|Any CPU.ActiveCfg = Release|Any CPU
		{DED4B128-D6F7-42EA-A9A8-CDF32A987501}.Release|Any CPU.Build.0 = Release|Any CPU
		{43DC71D0-D93C-4EB6-BC48-7873A4C7DDE7}.Debug|Any CPU.ActiveCfg = Debug|Any CPU
		{43DC71D0-D93C-4EB6-BC48-7873A4C7DDE7}.Debug|Any CPU.Build.0 = Debug|Any CPU
		{43DC71D0-D93C-4EB6-BC48-7873A4C7DDE7}.Release|Any CPU.ActiveCfg = Release|Any CPU
		{43DC71D0-D93C-4EB6-BC48-7873A4C7DDE7}.Release|Any CPU.Build.0 = Release|Any CPU
		{8A5D3FF7-E83B-4311-A10A-D62885B9CFB9}.Debug|Any CPU.ActiveCfg = Debug|Any CPU
		{8A5D3FF7-E83B-4311-A10A-D62885B9CFB9}.Debug|Any CPU.Build.0 = Debug|Any CPU
		{8A5D3FF7-E83B-4311-A10A-D62885B9CFB9}.Release|Any CPU.ActiveCfg = Release|Any CPU
		{8A5D3FF7-E83B-4311-A10A-D62885B9CFB9}.Release|Any CPU.Build.0 = Release|Any CPU
		{23E5BFA2-D10A-4670-A1AF-D818C890DA80}.Debug|Any CPU.ActiveCfg = Debug|Any CPU
		{23E5BFA2-D10A-4670-A1AF-D818C890DA80}.Debug|Any CPU.Build.0 = Debug|Any CPU
		{23E5BFA2-D10A-4670-A1AF-D818C890DA80}.Release|Any CPU.ActiveCfg = Release|Any CPU
		{23E5BFA2-D10A-4670-A1AF-D818C890DA80}.Release|Any CPU.Build.0 = Release|Any CPU
		{FB2FF30A-6B7D-4F15-802F-00098CDBCED2}.Debug|Any CPU.ActiveCfg = Debug|Any CPU
		{FB2FF30A-6B7D-4F15-802F-00098CDBCED2}.Debug|Any CPU.Build.0 = Debug|Any CPU
		{FB2FF30A-6B7D-4F15-802F-00098CDBCED2}.Release|Any CPU.ActiveCfg = Release|Any CPU
		{FB2FF30A-6B7D-4F15-802F-00098CDBCED2}.Release|Any CPU.Build.0 = Release|Any CPU
		{E46E5D5A-84B5-4FC9-8B9B-C6F21E67873B}.Debug|Any CPU.ActiveCfg = Debug|Any CPU
		{E46E5D5A-84B5-4FC9-8B9B-C6F21E67873B}.Debug|Any CPU.Build.0 = Debug|Any CPU
		{E46E5D5A-84B5-4FC9-8B9B-C6F21E67873B}.Release|Any CPU.ActiveCfg = Release|Any CPU
		{E46E5D5A-84B5-4FC9-8B9B-C6F21E67873B}.Release|Any CPU.Build.0 = Release|Any CPU
		{44386A30-91C2-4C33-8838-39EC3585329C}.Debug|Any CPU.ActiveCfg = Debug|Any CPU
		{44386A30-91C2-4C33-8838-39EC3585329C}.Debug|Any CPU.Build.0 = Debug|Any CPU
		{44386A30-91C2-4C33-8838-39EC3585329C}.Release|Any CPU.ActiveCfg = Release|Any CPU
		{44386A30-91C2-4C33-8838-39EC3585329C}.Release|Any CPU.Build.0 = Release|Any CPU
		{4D96E2B0-F6C1-4293-B169-9F2A111026C7}.Debug|Any CPU.ActiveCfg = Debug|Any CPU
		{4D96E2B0-F6C1-4293-B169-9F2A111026C7}.Debug|Any CPU.Build.0 = Debug|Any CPU
		{4D96E2B0-F6C1-4293-B169-9F2A111026C7}.Release|Any CPU.ActiveCfg = Release|Any CPU
		{4D96E2B0-F6C1-4293-B169-9F2A111026C7}.Release|Any CPU.Build.0 = Release|Any CPU
		{1E8A5B31-B094-4F96-B4B8-8648BC71E1FF}.Debug|Any CPU.ActiveCfg = Debug|Any CPU
		{1E8A5B31-B094-4F96-B4B8-8648BC71E1FF}.Debug|Any CPU.Build.0 = Debug|Any CPU
		{1E8A5B31-B094-4F96-B4B8-8648BC71E1FF}.Release|Any CPU.ActiveCfg = Release|Any CPU
		{1E8A5B31-B094-4F96-B4B8-8648BC71E1FF}.Release|Any CPU.Build.0 = Release|Any CPU
	EndGlobalSection
	GlobalSection(SolutionProperties) = preSolution
		HideSolutionNode = FALSE
	EndGlobalSection
	GlobalSection(NestedProjects) = preSolution
		{30F99684-8060-4CCF-872B-5EE6D17DCD34} = {22CC769E-9365-4F63-91A6-E1629D9E77B8}
		{986C3D84-566E-43FE-9F0E-CA9332CA1566} = {30F99684-8060-4CCF-872B-5EE6D17DCD34}
		{E9A441B1-4DD2-49EB-826F-66B846FA92C9} = {22CC769E-9365-4F63-91A6-E1629D9E77B8}
		{F067F7E5-C8C2-4BA9-AF64-9C2AB495B661} = {E9A441B1-4DD2-49EB-826F-66B846FA92C9}
		{AB4D1FB4-0AEB-49EC-AF5E-6BA3BBD37EA5} = {22CC769E-9365-4F63-91A6-E1629D9E77B8}
		{462C83E2-9420-4949-AA1A-50ECF7991681} = {AB4D1FB4-0AEB-49EC-AF5E-6BA3BBD37EA5}
		{53C99B96-952B-4B52-BC88-49B2EB5AA968} = {AB4D1FB4-0AEB-49EC-AF5E-6BA3BBD37EA5}
		{49F90994-D294-4029-A74D-4D902B3F3B77} = {AB4D1FB4-0AEB-49EC-AF5E-6BA3BBD37EA5}
		{DED4B128-D6F7-42EA-A9A8-CDF32A987501} = {AB4D1FB4-0AEB-49EC-AF5E-6BA3BBD37EA5}
		{43DC71D0-D93C-4EB6-BC48-7873A4C7DDE7} = {8EBC348D-BF04-4A07-9A58-9038A3FCCAE0}
		{D3FEE05D-73E7-46A9-B0DF-C827B8D60ADE} = {22CC769E-9365-4F63-91A6-E1629D9E77B8}
		{8A5D3FF7-E83B-4311-A10A-D62885B9CFB9} = {D3FEE05D-73E7-46A9-B0DF-C827B8D60ADE}
		{23E5BFA2-D10A-4670-A1AF-D818C890DA80} = {D3FEE05D-73E7-46A9-B0DF-C827B8D60ADE}
		{FB2FF30A-6B7D-4F15-802F-00098CDBCED2} = {D3FEE05D-73E7-46A9-B0DF-C827B8D60ADE}
		{E46E5D5A-84B5-4FC9-8B9B-C6F21E67873B} = {D3FEE05D-73E7-46A9-B0DF-C827B8D60ADE}
		{44386A30-91C2-4C33-8838-39EC3585329C} = {D3FEE05D-73E7-46A9-B0DF-C827B8D60ADE}
		{DE676B93-1E01-4605-989B-15E1EE755052} = {22CC769E-9365-4F63-91A6-E1629D9E77B8}
		{4D96E2B0-F6C1-4293-B169-9F2A111026C7} = {DE676B93-1E01-4605-989B-15E1EE755052}
		{1E8A5B31-B094-4F96-B4B8-8648BC71E1FF} = {1115A779-13BC-48FF-B551-78252387C975}
	EndGlobalSection
	GlobalSection(ExtensibilityGlobals) = postSolution
		SolutionGuid = {7F048FCC-F194-4784-BCED-9850502A4AB8}
	EndGlobalSection
EndGlobal
